
Microsoft Visual Studio Solution File, Format Version 12.00
# Visual Studio Version 17
VisualStudioVersion = 17.11.35327.3
MinimumVisualStudioVersion = 10.0.40219.1
Project("{FAE04EC0-301F-11D3-BF4B-00C04F79EFBC}") = "WordFrequency", "WordFrequency\WordFrequency.csproj", "{EBE66C62-4330-4384-8E59-06070429FA53}"
EndProject
Global
	GlobalSection(SolutionConfigurationPlatforms) = preSolution
		Debug|Any CPU = Debug|Any CPU
		Release|Any CPU = Release|Any CPU
	EndGlobalSection
	GlobalSection(ProjectConfigurationPlatforms) = postSolution
		{EBE66C62-4330-4384-8E59-06070429FA53}.Debug|Any CPU.ActiveCfg = Debug|Any CPU
		{EBE66C62-4330-4384-8E59-06070429FA53}.Debug|Any CPU.Build.0 = Debug|Any CPU
		{EBE66C62-4330-4384-8E59-06070429FA53}.Release|Any CPU.ActiveCfg = Release|Any CPU
		{EBE66C62-4330-4384-8E59-06070429FA53}.Release|Any CPU.Build.0 = Release|Any CPU
	EndGlobalSection
	GlobalSection(SolutionProperties) = preSolution
		HideSolutionNode = FALSE
	EndGlobalSection
	GlobalSection(ExtensibilityGlobals) = postSolution
		SolutionGuid = {01FE1E19-E491-4DFF-B3F2-0A367FCD4F5B}
	EndGlobalSection
EndGlobal
